// !$*UTF8*$!
{
	archiveVersion = 1;
	classes = {
	};
	objectVersion = 52;
	objects = {

/* Begin PBXBuildFile section */
		7C3F957C256AC37C00437C03 /* TimelaneCombine in Frameworks */ = {isa = PBXBuildFile; productRef = 7C3F957B256AC37C00437C03 /* TimelaneCombine */; };
		7C3F9582256AF1C000437C03 /* LoadingView.swift in Sources */ = {isa = PBXBuildFile; fileRef = 7C3F9581256AF1C000437C03 /* LoadingView.swift */; };
		7C69A59A2572608800F38553 /* FaceEmojies.swift in Sources */ = {isa = PBXBuildFile; fileRef = 7C69A5992572608800F38553 /* FaceEmojies.swift */; };
		7C69A5A325726E2D00F38553 /* WonderfulChatUITests.swift in Sources */ = {isa = PBXBuildFile; fileRef = 7C69A5A225726E2D00F38553 /* WonderfulChatUITests.swift */; };
		7C69A5AC25727B6A00F38553 /* Constants.swift in Sources */ = {isa = PBXBuildFile; fileRef = C8B8F3DA254588220085E3E8 /* Constants.swift */; };
		7C7E3256257259CB00EDC515 /* ActiveUserCardView.swift in Sources */ = {isa = PBXBuildFile; fileRef = 7C7E3255257259CB00EDC515 /* ActiveUserCardView.swift */; };
		7C7FDBEA25612B7A009C9163 /* ErrorView.swift in Sources */ = {isa = PBXBuildFile; fileRef = 7C7FDBE925612B7A009C9163 /* ErrorView.swift */; };
		7C7FDBEE25612B89009C9163 /* ErrorViewModel.swift in Sources */ = {isa = PBXBuildFile; fileRef = 7C7FDBED25612B89009C9163 /* ErrorViewModel.swift */; };
		7CA643DC254ECB7900506DCC /* AuthorizationView.swift in Sources */ = {isa = PBXBuildFile; fileRef = 7CA643DB254ECB7900506DCC /* AuthorizationView.swift */; };
		7CA643E0254ECF0E00506DCC /* User.swift in Sources */ = {isa = PBXBuildFile; fileRef = 7CA643DF254ECF0E00506DCC /* User.swift */; };
		7CA643E6254ED48B00506DCC /* ActiveUsersListScreen.swift in Sources */ = {isa = PBXBuildFile; fileRef = 7CA643E5254ED48B00506DCC /* ActiveUsersListScreen.swift */; };
		7CA643E9254EDB7300506DCC /* ChatService.swift in Sources */ = {isa = PBXBuildFile; fileRef = 7CA643E8254EDB7300506DCC /* ChatService.swift */; };
		C80D9A2F255080B000B0376A /* ViewFactory.swift in Sources */ = {isa = PBXBuildFile; fileRef = C80D9A2E255080B000B0376A /* ViewFactory.swift */; };
		C80D9A32255085AF00B0376A /* MockChatService.swift in Sources */ = {isa = PBXBuildFile; fileRef = C80D9A31255085AF00B0376A /* MockChatService.swift */; };
		C80D9A3525508CE600B0376A /* LocalNotifications.swift in Sources */ = {isa = PBXBuildFile; fileRef = C80D9A3425508CE600B0376A /* LocalNotifications.swift */; };
		C80DB0EF2554810900C7BD64 /* AuthorizationViewModel.swift in Sources */ = {isa = PBXBuildFile; fileRef = C80DB0EE2554810900C7BD64 /* AuthorizationViewModel.swift */; };
		C80DB0F7255487F900C7BD64 /* ActiveUsersListViewModel.swift in Sources */ = {isa = PBXBuildFile; fileRef = C80DB0F6255487F900C7BD64 /* ActiveUsersListViewModel.swift */; };
		C80DB0FB25548EA100C7BD64 /* MockViewFactory.swift in Sources */ = {isa = PBXBuildFile; fileRef = C80DB0FA25548EA100C7BD64 /* MockViewFactory.swift */; };
		C80DB0FF255491AD00C7BD64 /* AuthorizationService.swift in Sources */ = {isa = PBXBuildFile; fileRef = C80DB0FE255491AD00C7BD64 /* AuthorizationService.swift */; };
		C80DB1022554939300C7BD64 /* MockAuthorizationService.swift in Sources */ = {isa = PBXBuildFile; fileRef = C80DB1012554939300C7BD64 /* MockAuthorizationService.swift */; };
		C80DB10725569B7D00C7BD64 /* ChatViewModel.swift in Sources */ = {isa = PBXBuildFile; fileRef = C80DB10625569B7D00C7BD64 /* ChatViewModel.swift */; };
		C80DB10A2556FCC300C7BD64 /* Message.swift in Sources */ = {isa = PBXBuildFile; fileRef = C80DB1092556FCC300C7BD64 /* Message.swift */; };
		C84735BC255306D6004B8439 /* UserDefaultsStorage.swift in Sources */ = {isa = PBXBuildFile; fileRef = C84735BB255306D6004B8439 /* UserDefaultsStorage.swift */; };
		C87740412557C297006F0C65 /* DebugView.swift in Sources */ = {isa = PBXBuildFile; fileRef = C87740402557C297006F0C65 /* DebugView.swift */; };
		C87740442557D08C006F0C65 /* DebugViewModel.swift in Sources */ = {isa = PBXBuildFile; fileRef = C87740432557D08C006F0C65 /* DebugViewModel.swift */; };
		C877404A2557D0B9006F0C65 /* SettingsContainer.swift in Sources */ = {isa = PBXBuildFile; fileRef = C87740492557D0B9006F0C65 /* SettingsContainer.swift */; };
		C8AF0BE42557BC5900AC0F2B /* URL+Extension.swift in Sources */ = {isa = PBXBuildFile; fileRef = C8AF0BE32557BC5900AC0F2B /* URL+Extension.swift */; };
		C8B8F3CA254586CC0085E3E8 /* WonderfulChatApp.swift in Sources */ = {isa = PBXBuildFile; fileRef = C8B8F3C9254586CC0085E3E8 /* WonderfulChatApp.swift */; };
		C8B8F3CC254586CC0085E3E8 /* ChatView.swift in Sources */ = {isa = PBXBuildFile; fileRef = C8B8F3CB254586CC0085E3E8 /* ChatView.swift */; };
		C8B8F3CE254586CE0085E3E8 /* Assets.xcassets in Resources */ = {isa = PBXBuildFile; fileRef = C8B8F3CD254586CE0085E3E8 /* Assets.xcassets */; };
		C8B8F3D1254586CE0085E3E8 /* Preview Assets.xcassets in Resources */ = {isa = PBXBuildFile; fileRef = C8B8F3D0254586CE0085E3E8 /* Preview Assets.xcassets */; };
		C8B8F3DB254588220085E3E8 /* Constants.swift in Sources */ = {isa = PBXBuildFile; fileRef = C8B8F3DA254588220085E3E8 /* Constants.swift */; };
/* End PBXBuildFile section */

/* Begin PBXContainerItemProxy section */
		7C69A5A525726E2D00F38553 /* PBXContainerItemProxy */ = {
			isa = PBXContainerItemProxy;
			containerPortal = C8B8F3BE254586CC0085E3E8 /* Project object */;
			proxyType = 1;
			remoteGlobalIDString = C8B8F3C5254586CC0085E3E8;
			remoteInfo = WonderfulChat;
		};
/* End PBXContainerItemProxy section */

/* Begin PBXFileReference section */
		7C3F9581256AF1C000437C03 /* LoadingView.swift */ = {isa = PBXFileReference; lastKnownFileType = sourcecode.swift; path = LoadingView.swift; sourceTree = "<group>"; };
		7C69A5992572608800F38553 /* FaceEmojies.swift */ = {isa = PBXFileReference; lastKnownFileType = sourcecode.swift; path = FaceEmojies.swift; sourceTree = "<group>"; };
		7C69A5A025726E2D00F38553 /* WonderfulChatUITests.xctest */ = {isa = PBXFileReference; explicitFileType = wrapper.cfbundle; includeInIndex = 0; path = WonderfulChatUITests.xctest; sourceTree = BUILT_PRODUCTS_DIR; };
		7C69A5A225726E2D00F38553 /* WonderfulChatUITests.swift */ = {isa = PBXFileReference; lastKnownFileType = sourcecode.swift; path = WonderfulChatUITests.swift; sourceTree = "<group>"; };
		7C69A5A425726E2D00F38553 /* Info.plist */ = {isa = PBXFileReference; lastKnownFileType = text.plist.xml; path = Info.plist; sourceTree = "<group>"; };
		7C7E3255257259CB00EDC515 /* ActiveUserCardView.swift */ = {isa = PBXFileReference; lastKnownFileType = sourcecode.swift; path = ActiveUserCardView.swift; sourceTree = "<group>"; };
		7C7FDBE925612B7A009C9163 /* ErrorView.swift */ = {isa = PBXFileReference; lastKnownFileType = sourcecode.swift; path = ErrorView.swift; sourceTree = "<group>"; };
		7C7FDBED25612B89009C9163 /* ErrorViewModel.swift */ = {isa = PBXFileReference; lastKnownFileType = sourcecode.swift; path = ErrorViewModel.swift; sourceTree = "<group>"; };
		7CA643DB254ECB7900506DCC /* AuthorizationView.swift */ = {isa = PBXFileReference; lastKnownFileType = sourcecode.swift; path = AuthorizationView.swift; sourceTree = "<group>"; };
		7CA643DF254ECF0E00506DCC /* User.swift */ = {isa = PBXFileReference; lastKnownFileType = sourcecode.swift; path = User.swift; sourceTree = "<group>"; };
		7CA643E5254ED48B00506DCC /* ActiveUsersListScreen.swift */ = {isa = PBXFileReference; lastKnownFileType = sourcecode.swift; path = ActiveUsersListScreen.swift; sourceTree = "<group>"; };
		7CA643E8254EDB7300506DCC /* ChatService.swift */ = {isa = PBXFileReference; lastKnownFileType = sourcecode.swift; path = ChatService.swift; sourceTree = "<group>"; };
		C80D9A2E255080B000B0376A /* ViewFactory.swift */ = {isa = PBXFileReference; lastKnownFileType = sourcecode.swift; path = ViewFactory.swift; sourceTree = "<group>"; };
		C80D9A31255085AF00B0376A /* MockChatService.swift */ = {isa = PBXFileReference; lastKnownFileType = sourcecode.swift; path = MockChatService.swift; sourceTree = "<group>"; };
		C80D9A3425508CE600B0376A /* LocalNotifications.swift */ = {isa = PBXFileReference; lastKnownFileType = sourcecode.swift; path = LocalNotifications.swift; sourceTree = "<group>"; };
		C80DB0EE2554810900C7BD64 /* AuthorizationViewModel.swift */ = {isa = PBXFileReference; lastKnownFileType = sourcecode.swift; path = AuthorizationViewModel.swift; sourceTree = "<group>"; };
		C80DB0F6255487F900C7BD64 /* ActiveUsersListViewModel.swift */ = {isa = PBXFileReference; lastKnownFileType = sourcecode.swift; path = ActiveUsersListViewModel.swift; sourceTree = "<group>"; };
		C80DB0FA25548EA100C7BD64 /* MockViewFactory.swift */ = {isa = PBXFileReference; lastKnownFileType = sourcecode.swift; path = MockViewFactory.swift; sourceTree = "<group>"; };
		C80DB0FE255491AD00C7BD64 /* AuthorizationService.swift */ = {isa = PBXFileReference; lastKnownFileType = sourcecode.swift; path = AuthorizationService.swift; sourceTree = "<group>"; };
		C80DB1012554939300C7BD64 /* MockAuthorizationService.swift */ = {isa = PBXFileReference; lastKnownFileType = sourcecode.swift; path = MockAuthorizationService.swift; sourceTree = "<group>"; };
		C80DB10625569B7D00C7BD64 /* ChatViewModel.swift */ = {isa = PBXFileReference; lastKnownFileType = sourcecode.swift; path = ChatViewModel.swift; sourceTree = "<group>"; };
		C80DB1092556FCC300C7BD64 /* Message.swift */ = {isa = PBXFileReference; lastKnownFileType = sourcecode.swift; path = Message.swift; sourceTree = "<group>"; };
		C84735BB255306D6004B8439 /* UserDefaultsStorage.swift */ = {isa = PBXFileReference; lastKnownFileType = sourcecode.swift; path = UserDefaultsStorage.swift; sourceTree = "<group>"; };
		C87740402557C297006F0C65 /* DebugView.swift */ = {isa = PBXFileReference; lastKnownFileType = sourcecode.swift; path = DebugView.swift; sourceTree = "<group>"; };
		C87740432557D08C006F0C65 /* DebugViewModel.swift */ = {isa = PBXFileReference; lastKnownFileType = sourcecode.swift; path = DebugViewModel.swift; sourceTree = "<group>"; };
		C87740492557D0B9006F0C65 /* SettingsContainer.swift */ = {isa = PBXFileReference; lastKnownFileType = sourcecode.swift; path = SettingsContainer.swift; sourceTree = "<group>"; };
		C8AF0BE32557BC5900AC0F2B /* URL+Extension.swift */ = {isa = PBXFileReference; lastKnownFileType = sourcecode.swift; path = "URL+Extension.swift"; sourceTree = "<group>"; };
		C8B8F3C6254586CC0085E3E8 /* WonderfulChat.app */ = {isa = PBXFileReference; explicitFileType = wrapper.application; includeInIndex = 0; path = WonderfulChat.app; sourceTree = BUILT_PRODUCTS_DIR; };
		C8B8F3C9254586CC0085E3E8 /* WonderfulChatApp.swift */ = {isa = PBXFileReference; lastKnownFileType = sourcecode.swift; path = WonderfulChatApp.swift; sourceTree = "<group>"; };
		C8B8F3CB254586CC0085E3E8 /* ChatView.swift */ = {isa = PBXFileReference; lastKnownFileType = sourcecode.swift; path = ChatView.swift; sourceTree = "<group>"; };
		C8B8F3CD254586CE0085E3E8 /* Assets.xcassets */ = {isa = PBXFileReference; lastKnownFileType = folder.assetcatalog; path = Assets.xcassets; sourceTree = "<group>"; };
		C8B8F3D0254586CE0085E3E8 /* Preview Assets.xcassets */ = {isa = PBXFileReference; lastKnownFileType = folder.assetcatalog; path = "Preview Assets.xcassets"; sourceTree = "<group>"; };
		C8B8F3D2254586CE0085E3E8 /* Info.plist */ = {isa = PBXFileReference; lastKnownFileType = text.plist.xml; path = Info.plist; sourceTree = "<group>"; };
		C8B8F3DA254588220085E3E8 /* Constants.swift */ = {isa = PBXFileReference; lastKnownFileType = sourcecode.swift; path = Constants.swift; sourceTree = "<group>"; };
/* End PBXFileReference section */

/* Begin PBXFrameworksBuildPhase section */
		7C69A59D25726E2D00F38553 /* Frameworks */ = {
			isa = PBXFrameworksBuildPhase;
			buildActionMask = 2147483647;
			files = (
			);
			runOnlyForDeploymentPostprocessing = 0;
		};
		C8B8F3C3254586CC0085E3E8 /* Frameworks */ = {
			isa = PBXFrameworksBuildPhase;
			buildActionMask = 2147483647;
			files = (
				7C3F957C256AC37C00437C03 /* TimelaneCombine in Frameworks */,
			);
			runOnlyForDeploymentPostprocessing = 0;
		};
/* End PBXFrameworksBuildPhase section */

/* Begin PBXGroup section */
		7C3F9580256AF1A600437C03 /* CommonViews */ = {
			isa = PBXGroup;
			children = (
				7C3F9581256AF1C000437C03 /* LoadingView.swift */,
			);
			path = CommonViews;
			sourceTree = "<group>";
		};
		7C69A5A125726E2D00F38553 /* WonderfulChatUITests */ = {
			isa = PBXGroup;
			children = (
				7C69A5A225726E2D00F38553 /* WonderfulChatUITests.swift */,
				7C69A5A425726E2D00F38553 /* Info.plist */,
			);
			path = WonderfulChatUITests;
			sourceTree = "<group>";
		};
		7C7E3254257259AB00EDC515 /* ActiveUserCard */ = {
			isa = PBXGroup;
			children = (
				7C7E3255257259CB00EDC515 /* ActiveUserCardView.swift */,
			);
			path = ActiveUserCard;
			sourceTree = "<group>";
		};
		7C7FDBE825612B5D009C9163 /* Error */ = {
			isa = PBXGroup;
			children = (
				7C7FDBE925612B7A009C9163 /* ErrorView.swift */,
				7C7FDBED25612B89009C9163 /* ErrorViewModel.swift */,
			);
			path = Error;
			sourceTree = "<group>";
		};
		7CA643E2254ECFB600506DCC /* Screens */ = {
			isa = PBXGroup;
			children = (
				C80DB0F12554810E00C7BD64 /* Authorization */,
				C80DB0F4255487E200C7BD64 /* ActiveUsersList */,
				C80DB10425569B6B00C7BD64 /* Chat */,
				C87740462557D091006F0C65 /* Debug */,
				7C7FDBE825612B5D009C9163 /* Error */,
			);
			path = Screens;
			sourceTree = "<group>";
		};
		C80D9A28254F587800B0376A /* Application */ = {
			isa = PBXGroup;
			children = (
				C8B8F3C9254586CC0085E3E8 /* WonderfulChatApp.swift */,
				C80D9A2E255080B000B0376A /* ViewFactory.swift */,
			);
			path = Application;
			sourceTree = "<group>";
		};
		C80D9A29254F588F00B0376A /* Entities */ = {
			isa = PBXGroup;
			children = (
				7CA643DF254ECF0E00506DCC /* User.swift */,
				C80DB1092556FCC300C7BD64 /* Message.swift */,
			);
			path = Entities;
			sourceTree = "<group>";
		};
		C80D9A2A254F58A100B0376A /* Services */ = {
			isa = PBXGroup;
			children = (
				7CA643E8254EDB7300506DCC /* ChatService.swift */,
				C87740492557D0B9006F0C65 /* SettingsContainer.swift */,
				C80D9A3425508CE600B0376A /* LocalNotifications.swift */,
				C84735BB255306D6004B8439 /* UserDefaultsStorage.swift */,
				C80DB0FE255491AD00C7BD64 /* AuthorizationService.swift */,
			);
			path = Services;
			sourceTree = "<group>";
		};
		C80D9A2B254F58AD00B0376A /* Supporting Files */ = {
			isa = PBXGroup;
			children = (
				C8B8F3DA254588220085E3E8 /* Constants.swift */,
				C8B8F3CD254586CE0085E3E8 /* Assets.xcassets */,
				C8B8F3D2254586CE0085E3E8 /* Info.plist */,
				7C69A5992572608800F38553 /* FaceEmojies.swift */,
			);
			path = "Supporting Files";
			sourceTree = "<group>";
		};
		C80DB0F12554810E00C7BD64 /* Authorization */ = {
			isa = PBXGroup;
			children = (
				C80DB0EE2554810900C7BD64 /* AuthorizationViewModel.swift */,
				7CA643DB254ECB7900506DCC /* AuthorizationView.swift */,
			);
			path = Authorization;
			sourceTree = "<group>";
		};
		C80DB0F4255487E200C7BD64 /* ActiveUsersList */ = {
			isa = PBXGroup;
			children = (
				7C7E3254257259AB00EDC515 /* ActiveUserCard */,
				C80DB0F6255487F900C7BD64 /* ActiveUsersListViewModel.swift */,
				7CA643E5254ED48B00506DCC /* ActiveUsersListScreen.swift */,
			);
			path = ActiveUsersList;
			sourceTree = "<group>";
		};
		C80DB0F925548E8C00C7BD64 /* Mocks */ = {
			isa = PBXGroup;
			children = (
				C80D9A31255085AF00B0376A /* MockChatService.swift */,
				C80DB0FA25548EA100C7BD64 /* MockViewFactory.swift */,
				C80DB1012554939300C7BD64 /* MockAuthorizationService.swift */,
			);
			path = Mocks;
			sourceTree = "<group>";
		};
		C80DB10425569B6B00C7BD64 /* Chat */ = {
			isa = PBXGroup;
			children = (
				C80DB10625569B7D00C7BD64 /* ChatViewModel.swift */,
				C8B8F3CB254586CC0085E3E8 /* ChatView.swift */,
			);
			path = Chat;
			sourceTree = "<group>";
		};
		C87740462557D091006F0C65 /* Debug */ = {
			isa = PBXGroup;
			children = (
				C87740432557D08C006F0C65 /* DebugViewModel.swift */,
				C87740402557C297006F0C65 /* DebugView.swift */,
			);
			path = Debug;
			sourceTree = "<group>";
		};
		C8AF0BE22557BC3B00AC0F2B /* Extensions */ = {
			isa = PBXGroup;
			children = (
				C8AF0BE32557BC5900AC0F2B /* URL+Extension.swift */,
			);
			path = Extensions;
			sourceTree = "<group>";
		};
		C8B8F3BD254586CC0085E3E8 = {
			isa = PBXGroup;
			children = (
				C8B8F3C8254586CC0085E3E8 /* WonderfulChat */,
				7C69A5A125726E2D00F38553 /* WonderfulChatUITests */,
				C8B8F3C7254586CC0085E3E8 /* Products */,
			);
			sourceTree = "<group>";
		};
		C8B8F3C7254586CC0085E3E8 /* Products */ = {
			isa = PBXGroup;
			children = (
				C8B8F3C6254586CC0085E3E8 /* WonderfulChat.app */,
				7C69A5A025726E2D00F38553 /* WonderfulChatUITests.xctest */,
			);
			name = Products;
			sourceTree = "<group>";
		};
		C8B8F3C8254586CC0085E3E8 /* WonderfulChat */ = {
			isa = PBXGroup;
			children = (
				C80D9A28254F587800B0376A /* Application */,
				7CA643E2254ECFB600506DCC /* Screens */,
				7C3F9580256AF1A600437C03 /* CommonViews */,
				C80D9A29254F588F00B0376A /* Entities */,
				C80D9A2A254F58A100B0376A /* Services */,
				C80DB0F925548E8C00C7BD64 /* Mocks */,
				C8AF0BE22557BC3B00AC0F2B /* Extensions */,
				C80D9A2B254F58AD00B0376A /* Supporting Files */,
				C8B8F3CF254586CE0085E3E8 /* Preview Content */,
			);
			path = WonderfulChat;
			sourceTree = "<group>";
		};
		C8B8F3CF254586CE0085E3E8 /* Preview Content */ = {
			isa = PBXGroup;
			children = (
				C8B8F3D0254586CE0085E3E8 /* Preview Assets.xcassets */,
			);
			path = "Preview Content";
			sourceTree = "<group>";
		};
/* End PBXGroup section */

/* Begin PBXNativeTarget section */
		7C69A59F25726E2D00F38553 /* WonderfulChatUITests */ = {
			isa = PBXNativeTarget;
			buildConfigurationList = 7C69A5A725726E2D00F38553 /* Build configuration list for PBXNativeTarget "WonderfulChatUITests" */;
			buildPhases = (
				7C69A59C25726E2D00F38553 /* Sources */,
				7C69A59D25726E2D00F38553 /* Frameworks */,
				7C69A59E25726E2D00F38553 /* Resources */,
			);
			buildRules = (
			);
			dependencies = (
				7C69A5A625726E2D00F38553 /* PBXTargetDependency */,
			);
			name = WonderfulChatUITests;
			productName = WonderfulChatUITests;
			productReference = 7C69A5A025726E2D00F38553 /* WonderfulChatUITests.xctest */;
			productType = "com.apple.product-type.bundle.ui-testing";
		};
		C8B8F3C5254586CC0085E3E8 /* WonderfulChat */ = {
			isa = PBXNativeTarget;
			buildConfigurationList = C8B8F3D5254586CE0085E3E8 /* Build configuration list for PBXNativeTarget "WonderfulChat" */;
			buildPhases = (
				C8B8F3C2254586CC0085E3E8 /* Sources */,
				C8B8F3C3254586CC0085E3E8 /* Frameworks */,
				C8B8F3C4254586CC0085E3E8 /* Resources */,
			);
			buildRules = (
			);
			dependencies = (
			);
			name = WonderfulChat;
			packageProductDependencies = (
				7C3F957B256AC37C00437C03 /* TimelaneCombine */,
			);
			productName = WonderfulChat;
			productReference = C8B8F3C6254586CC0085E3E8 /* WonderfulChat.app */;
			productType = "com.apple.product-type.application";
		};
/* End PBXNativeTarget section */

/* Begin PBXProject section */
		C8B8F3BE254586CC0085E3E8 /* Project object */ = {
			isa = PBXProject;
			attributes = {
				LastSwiftUpdateCheck = 1220;
				LastUpgradeCheck = 1210;
				TargetAttributes = {
					7C69A59F25726E2D00F38553 = {
						CreatedOnToolsVersion = 12.2;
						TestTargetID = C8B8F3C5254586CC0085E3E8;
					};
					C8B8F3C5254586CC0085E3E8 = {
						CreatedOnToolsVersion = 12.1;
					};
				};
			};
			buildConfigurationList = C8B8F3C1254586CC0085E3E8 /* Build configuration list for PBXProject "WonderfulChat" */;
			compatibilityVersion = "Xcode 9.3";
			developmentRegion = en;
			hasScannedForEncodings = 0;
			knownRegions = (
				en,
				Base,
			);
			mainGroup = C8B8F3BD254586CC0085E3E8;
			packageReferences = (
				7C3F957A256AC37C00437C03 /* XCRemoteSwiftPackageReference "TimelaneCombine" */,
			);
			productRefGroup = C8B8F3C7254586CC0085E3E8 /* Products */;
			projectDirPath = "";
			projectRoot = "";
			targets = (
				C8B8F3C5254586CC0085E3E8 /* WonderfulChat */,
				7C69A59F25726E2D00F38553 /* WonderfulChatUITests */,
			);
		};
/* End PBXProject section */

/* Begin PBXResourcesBuildPhase section */
		7C69A59E25726E2D00F38553 /* Resources */ = {
			isa = PBXResourcesBuildPhase;
			buildActionMask = 2147483647;
			files = (
			);
			runOnlyForDeploymentPostprocessing = 0;
		};
		C8B8F3C4254586CC0085E3E8 /* Resources */ = {
			isa = PBXResourcesBuildPhase;
			buildActionMask = 2147483647;
			files = (
				C8B8F3D1254586CE0085E3E8 /* Preview Assets.xcassets in Resources */,
				C8B8F3CE254586CE0085E3E8 /* Assets.xcassets in Resources */,
			);
			runOnlyForDeploymentPostprocessing = 0;
		};
/* End PBXResourcesBuildPhase section */

/* Begin PBXSourcesBuildPhase section */
		7C69A59C25726E2D00F38553 /* Sources */ = {
			isa = PBXSourcesBuildPhase;
			buildActionMask = 2147483647;
			files = (
				7C69A5A325726E2D00F38553 /* WonderfulChatUITests.swift in Sources */,
				7C69A5AC25727B6A00F38553 /* Constants.swift in Sources */,
			);
			runOnlyForDeploymentPostprocessing = 0;
		};
		C8B8F3C2254586CC0085E3E8 /* Sources */ = {
			isa = PBXSourcesBuildPhase;
			buildActionMask = 2147483647;
			files = (
				7C7E3256257259CB00EDC515 /* ActiveUserCardView.swift in Sources */,
				C87740442557D08C006F0C65 /* DebugViewModel.swift in Sources */,
				C84735BC255306D6004B8439 /* UserDefaultsStorage.swift in Sources */,
				C80D9A3525508CE600B0376A /* LocalNotifications.swift in Sources */,
				7CA643DC254ECB7900506DCC /* AuthorizationView.swift in Sources */,
				C8B8F3CC254586CC0085E3E8 /* ChatView.swift in Sources */,
				C80DB0EF2554810900C7BD64 /* AuthorizationViewModel.swift in Sources */,
				7CA643E0254ECF0E00506DCC /* User.swift in Sources */,
				C8B8F3CA254586CC0085E3E8 /* WonderfulChatApp.swift in Sources */,
				7C7FDBEA25612B7A009C9163 /* ErrorView.swift in Sources */,
				C80DB1022554939300C7BD64 /* MockAuthorizationService.swift in Sources */,
				C80DB0F7255487F900C7BD64 /* ActiveUsersListViewModel.swift in Sources */,
				C80D9A2F255080B000B0376A /* ViewFactory.swift in Sources */,
				C80DB0FF255491AD00C7BD64 /* AuthorizationService.swift in Sources */,
				C877404A2557D0B9006F0C65 /* SettingsContainer.swift in Sources */,
				C80DB10725569B7D00C7BD64 /* ChatViewModel.swift in Sources */,
				7CA643E6254ED48B00506DCC /* ActiveUsersListScreen.swift in Sources */,
				C8AF0BE42557BC5900AC0F2B /* URL+Extension.swift in Sources */,
				7C69A59A2572608800F38553 /* FaceEmojies.swift in Sources */,
				7CA643E9254EDB7300506DCC /* ChatService.swift in Sources */,
				7C3F9582256AF1C000437C03 /* LoadingView.swift in Sources */,
				C80DB0FB25548EA100C7BD64 /* MockViewFactory.swift in Sources */,
				C87740412557C297006F0C65 /* DebugView.swift in Sources */,
				C80DB10A2556FCC300C7BD64 /* Message.swift in Sources */,
				7C7FDBEE25612B89009C9163 /* ErrorViewModel.swift in Sources */,
				C8B8F3DB254588220085E3E8 /* Constants.swift in Sources */,
				C80D9A32255085AF00B0376A /* MockChatService.swift in Sources */,
			);
			runOnlyForDeploymentPostprocessing = 0;
		};
/* End PBXSourcesBuildPhase section */

/* Begin PBXTargetDependency section */
		7C69A5A625726E2D00F38553 /* PBXTargetDependency */ = {
			isa = PBXTargetDependency;
			target = C8B8F3C5254586CC0085E3E8 /* WonderfulChat */;
			targetProxy = 7C69A5A525726E2D00F38553 /* PBXContainerItemProxy */;
		};
/* End PBXTargetDependency section */

/* Begin XCBuildConfiguration section */
		7C69A5A825726E2D00F38553 /* Debug */ = {
			isa = XCBuildConfiguration;
			buildSettings = {
				CODE_SIGN_STYLE = Automatic;
				DEVELOPMENT_TEAM = JJHX98NUDV;
				INFOPLIST_FILE = WonderfulChatUITests/Info.plist;
				IPHONEOS_DEPLOYMENT_TARGET = 14.0;
				LD_RUNPATH_SEARCH_PATHS = (
					"$(inherited)",
					"@executable_path/Frameworks",
					"@loader_path/Frameworks",
				);
				PRODUCT_BUNDLE_IDENTIFIER = ru.mrf.WonderfulChatUITests;
				PRODUCT_NAME = "$(TARGET_NAME)";
				SWIFT_VERSION = 5.0;
				TARGETED_DEVICE_FAMILY = "1,2";
				TEST_TARGET_NAME = WonderfulChat;
				TVOS_DEPLOYMENT_TARGET = 14.0;
			};
			name = Debug;
		};
		7C69A5A925726E2D00F38553 /* Release */ = {
			isa = XCBuildConfiguration;
			buildSettings = {
				CODE_SIGN_STYLE = Automatic;
				DEVELOPMENT_TEAM = JJHX98NUDV;
				INFOPLIST_FILE = WonderfulChatUITests/Info.plist;
				IPHONEOS_DEPLOYMENT_TARGET = 14.0;
				LD_RUNPATH_SEARCH_PATHS = (
					"$(inherited)",
					"@executable_path/Frameworks",
					"@loader_path/Frameworks",
				);
				PRODUCT_BUNDLE_IDENTIFIER = ru.mrf.WonderfulChatUITests;
				PRODUCT_NAME = "$(TARGET_NAME)";
				SWIFT_VERSION = 5.0;
				TARGETED_DEVICE_FAMILY = "1,2";
				TEST_TARGET_NAME = WonderfulChat;
				TVOS_DEPLOYMENT_TARGET = 14.0;
			};
			name = Release;
		};
		C8B8F3D3254586CE0085E3E8 /* Debug */ = {
			isa = XCBuildConfiguration;
			buildSettings = {
				ALWAYS_SEARCH_USER_PATHS = NO;
				CLANG_ANALYZER_NONNULL = YES;
				CLANG_ANALYZER_NUMBER_OBJECT_CONVERSION = YES_AGGRESSIVE;
				CLANG_CXX_LANGUAGE_STANDARD = "gnu++14";
				CLANG_CXX_LIBRARY = "libc++";
				CLANG_ENABLE_MODULES = YES;
				CLANG_ENABLE_OBJC_ARC = YES;
				CLANG_ENABLE_OBJC_WEAK = YES;
				CLANG_WARN_BLOCK_CAPTURE_AUTORELEASING = YES;
				CLANG_WARN_BOOL_CONVERSION = YES;
				CLANG_WARN_COMMA = YES;
				CLANG_WARN_CONSTANT_CONVERSION = YES;
				CLANG_WARN_DEPRECATED_OBJC_IMPLEMENTATIONS = YES;
				CLANG_WARN_DIRECT_OBJC_ISA_USAGE = YES_ERROR;
				CLANG_WARN_DOCUMENTATION_COMMENTS = YES;
				CLANG_WARN_EMPTY_BODY = YES;
				CLANG_WARN_ENUM_CONVERSION = YES;
				CLANG_WARN_INFINITE_RECURSION = YES;
				CLANG_WARN_INT_CONVERSION = YES;
				CLANG_WARN_NON_LITERAL_NULL_CONVERSION = YES;
				CLANG_WARN_OBJC_IMPLICIT_RETAIN_SELF = YES;
				CLANG_WARN_OBJC_LITERAL_CONVERSION = YES;
				CLANG_WARN_OBJC_ROOT_CLASS = YES_ERROR;
				CLANG_WARN_QUOTED_INCLUDE_IN_FRAMEWORK_HEADER = YES;
				CLANG_WARN_RANGE_LOOP_ANALYSIS = YES;
				CLANG_WARN_STRICT_PROTOTYPES = YES;
				CLANG_WARN_SUSPICIOUS_MOVE = YES;
				CLANG_WARN_UNGUARDED_AVAILABILITY = YES_AGGRESSIVE;
				CLANG_WARN_UNREACHABLE_CODE = YES;
				CLANG_WARN__DUPLICATE_METHOD_MATCH = YES;
				COPY_PHASE_STRIP = NO;
				DEBUG_INFORMATION_FORMAT = dwarf;
				ENABLE_STRICT_OBJC_MSGSEND = YES;
				ENABLE_TESTABILITY = YES;
				GCC_C_LANGUAGE_STANDARD = gnu11;
				GCC_DYNAMIC_NO_PIC = NO;
				GCC_NO_COMMON_BLOCKS = YES;
				GCC_OPTIMIZATION_LEVEL = 0;
				GCC_PREPROCESSOR_DEFINITIONS = (
					"DEBUG=1",
					"$(inherited)",
				);
				GCC_WARN_64_TO_32_BIT_CONVERSION = YES;
				GCC_WARN_ABOUT_RETURN_TYPE = YES_ERROR;
				GCC_WARN_UNDECLARED_SELECTOR = YES;
				GCC_WARN_UNINITIALIZED_AUTOS = YES_AGGRESSIVE;
				GCC_WARN_UNUSED_FUNCTION = YES;
				GCC_WARN_UNUSED_VARIABLE = YES;
				IPHONEOS_DEPLOYMENT_TARGET = 14.0;
				MTL_ENABLE_DEBUG_INFO = INCLUDE_SOURCE;
				MTL_FAST_MATH = YES;
				ONLY_ACTIVE_ARCH = YES;
				SDKROOT = iphoneos;
				SWIFT_ACTIVE_COMPILATION_CONDITIONS = DEBUG;
				SWIFT_OPTIMIZATION_LEVEL = "-Onone";
			};
			name = Debug;
		};
		C8B8F3D4254586CE0085E3E8 /* Release */ = {
			isa = XCBuildConfiguration;
			buildSettings = {
				ALWAYS_SEARCH_USER_PATHS = NO;
				CLANG_ANALYZER_NONNULL = YES;
				CLANG_ANALYZER_NUMBER_OBJECT_CONVERSION = YES_AGGRESSIVE;
				CLANG_CXX_LANGUAGE_STANDARD = "gnu++14";
				CLANG_CXX_LIBRARY = "libc++";
				CLANG_ENABLE_MODULES = YES;
				CLANG_ENABLE_OBJC_ARC = YES;
				CLANG_ENABLE_OBJC_WEAK = YES;
				CLANG_WARN_BLOCK_CAPTURE_AUTORELEASING = YES;
				CLANG_WARN_BOOL_CONVERSION = YES;
				CLANG_WARN_COMMA = YES;
				CLANG_WARN_CONSTANT_CONVERSION = YES;
				CLANG_WARN_DEPRECATED_OBJC_IMPLEMENTATIONS = YES;
				CLANG_WARN_DIRECT_OBJC_ISA_USAGE = YES_ERROR;
				CLANG_WARN_DOCUMENTATION_COMMENTS = YES;
				CLANG_WARN_EMPTY_BODY = YES;
				CLANG_WARN_ENUM_CONVERSION = YES;
				CLANG_WARN_INFINITE_RECURSION = YES;
				CLANG_WARN_INT_CONVERSION = YES;
				CLANG_WARN_NON_LITERAL_NULL_CONVERSION = YES;
				CLANG_WARN_OBJC_IMPLICIT_RETAIN_SELF = YES;
				CLANG_WARN_OBJC_LITERAL_CONVERSION = YES;
				CLANG_WARN_OBJC_ROOT_CLASS = YES_ERROR;
				CLANG_WARN_QUOTED_INCLUDE_IN_FRAMEWORK_HEADER = YES;
				CLANG_WARN_RANGE_LOOP_ANALYSIS = YES;
				CLANG_WARN_STRICT_PROTOTYPES = YES;
				CLANG_WARN_SUSPICIOUS_MOVE = YES;
				CLANG_WARN_UNGUARDED_AVAILABILITY = YES_AGGRESSIVE;
				CLANG_WARN_UNREACHABLE_CODE = YES;
				CLANG_WARN__DUPLICATE_METHOD_MATCH = YES;
				COPY_PHASE_STRIP = NO;
				DEBUG_INFORMATION_FORMAT = "dwarf-with-dsym";
				ENABLE_NS_ASSERTIONS = NO;
				ENABLE_STRICT_OBJC_MSGSEND = YES;
				GCC_C_LANGUAGE_STANDARD = gnu11;
				GCC_NO_COMMON_BLOCKS = YES;
				GCC_WARN_64_TO_32_BIT_CONVERSION = YES;
				GCC_WARN_ABOUT_RETURN_TYPE = YES_ERROR;
				GCC_WARN_UNDECLARED_SELECTOR = YES;
				GCC_WARN_UNINITIALIZED_AUTOS = YES_AGGRESSIVE;
				GCC_WARN_UNUSED_FUNCTION = YES;
				GCC_WARN_UNUSED_VARIABLE = YES;
				IPHONEOS_DEPLOYMENT_TARGET = 14.0;
				MTL_ENABLE_DEBUG_INFO = NO;
				MTL_FAST_MATH = YES;
				SDKROOT = iphoneos;
				SWIFT_COMPILATION_MODE = wholemodule;
				SWIFT_OPTIMIZATION_LEVEL = "-O";
				VALIDATE_PRODUCT = YES;
			};
			name = Release;
		};
		C8B8F3D6254586CE0085E3E8 /* Debug */ = {
			isa = XCBuildConfiguration;
			buildSettings = {
				ASSETCATALOG_COMPILER_APPICON_NAME = AppIcon;
				ASSETCATALOG_COMPILER_GLOBAL_ACCENT_COLOR_NAME = AccentColor;
				CODE_SIGN_STYLE = Automatic;
				DEVELOPMENT_ASSET_PATHS = "\"WonderfulChat/Preview Content\"";
				DEVELOPMENT_TEAM = JJHX98NUDV;
				ENABLE_PREVIEWS = YES;
				INFOPLIST_FILE = "WonderfulChat/Supporting Files/Info.plist";
				IPHONEOS_DEPLOYMENT_TARGET = 14.0;
				LD_RUNPATH_SEARCH_PATHS = (
					"$(inherited)",
					"@executable_path/Frameworks",
				);
				PRODUCT_BUNDLE_IDENTIFIER = com.misnikovroman.WonderfulChat;
				PRODUCT_NAME = "$(TARGET_NAME)";
				SWIFT_VERSION = 5.0;
				TARGETED_DEVICE_FAMILY = "1,2";
			};
			name = Debug;
		};
		C8B8F3D7254586CE0085E3E8 /* Release */ = {
			isa = XCBuildConfiguration;
			buildSettings = {
				ASSETCATALOG_COMPILER_APPICON_NAME = AppIcon;
				ASSETCATALOG_COMPILER_GLOBAL_ACCENT_COLOR_NAME = AccentColor;
				CODE_SIGN_STYLE = Automatic;
				DEVELOPMENT_ASSET_PATHS = "\"WonderfulChat/Preview Content\"";
				DEVELOPMENT_TEAM = JJHX98NUDV;
				ENABLE_PREVIEWS = YES;
				INFOPLIST_FILE = "WonderfulChat/Supporting Files/Info.plist";
				IPHONEOS_DEPLOYMENT_TARGET = 14.0;
				LD_RUNPATH_SEARCH_PATHS = (
					"$(inherited)",
					"@executable_path/Frameworks",
				);
				PRODUCT_BUNDLE_IDENTIFIER = com.misnikovroman.WonderfulChat;
				PRODUCT_NAME = "$(TARGET_NAME)";
				SWIFT_VERSION = 5.0;
				TARGETED_DEVICE_FAMILY = "1,2";
			};
			name = Release;
		};
/* End XCBuildConfiguration section */

/* Begin XCConfigurationList section */
		7C69A5A725726E2D00F38553 /* Build configuration list for PBXNativeTarget "WonderfulChatUITests" */ = {
			isa = XCConfigurationList;
			buildConfigurations = (
				7C69A5A825726E2D00F38553 /* Debug */,
				7C69A5A925726E2D00F38553 /* Release */,
			);
			defaultConfigurationIsVisible = 0;
			defaultConfigurationName = Release;
		};
		C8B8F3C1254586CC0085E3E8 /* Build configuration list for PBXProject "WonderfulChat" */ = {
			isa = XCConfigurationList;
			buildConfigurations = (
				C8B8F3D3254586CE0085E3E8 /* Debug */,
				C8B8F3D4254586CE0085E3E8 /* Release */,
			);
			defaultConfigurationIsVisible = 0;
			defaultConfigurationName = Release;
		};
		C8B8F3D5254586CE0085E3E8 /* Build configuration list for PBXNativeTarget "WonderfulChat" */ = {
			isa = XCConfigurationList;
			buildConfigurations = (
				C8B8F3D6254586CE0085E3E8 /* Debug */,
				C8B8F3D7254586CE0085E3E8 /* Release */,
			);
			defaultConfigurationIsVisible = 0;
			defaultConfigurationName = Release;
		};
/* End XCConfigurationList section */

/* Begin XCRemoteSwiftPackageReference section */
		7C3F957A256AC37C00437C03 /* XCRemoteSwiftPackageReference "TimelaneCombine" */ = {
			isa = XCRemoteSwiftPackageReference;
			repositoryURL = "https://github.com/icanzilb/TimelaneCombine";
			requirement = {
				kind = upToNextMajorVersion;
				minimumVersion = 2.0.0;
			};
		};
/* End XCRemoteSwiftPackageReference section */

/* Begin XCSwiftPackageProductDependency section */
		7C3F957B256AC37C00437C03 /* TimelaneCombine */ = {
			isa = XCSwiftPackageProductDependency;
			package = 7C3F957A256AC37C00437C03 /* XCRemoteSwiftPackageReference "TimelaneCombine" */;
			productName = TimelaneCombine;
		};
/* End XCSwiftPackageProductDependency section */
	};
	rootObject = C8B8F3BE254586CC0085E3E8 /* Project object */;
}
